// !$*UTF8*$!
{
	archiveVersion = 1;
	classes = {
	};
	objectVersion = 46;
	objects = {

/* Begin PBXBuildFile section */
		0159628F51231A97E6301E89 /* libPods-WebViewJavascriptBridge练习.a in Frameworks */ = {isa = PBXBuildFile; fileRef = 0F01A81E5CB1EF9DF722899C /* libPods-WebViewJavascriptBridge练习.a */; };
		A28CFFDF1DC07AC800F8B9EB /* main.m in Sources */ = {isa = PBXBuildFile; fileRef = A28CFFDE1DC07AC800F8B9EB /* main.m */; };
		A28CFFE21DC07AC800F8B9EB /* AppDelegate.m in Sources */ = {isa = PBXBuildFile; fileRef = A28CFFE11DC07AC800F8B9EB /* AppDelegate.m */; };
		A28CFFE51DC07AC800F8B9EB /* ViewController.m in Sources */ = {isa = PBXBuildFile; fileRef = A28CFFE41DC07AC800F8B9EB /* ViewController.m */; };
		A28CFFE81DC07AC800F8B9EB /* Main.storyboard in Resources */ = {isa = PBXBuildFile; fileRef = A28CFFE61DC07AC800F8B9EB /* Main.storyboard */; };
		A28CFFEA1DC07AC800F8B9EB /* Assets.xcassets in Resources */ = {isa = PBXBuildFile; fileRef = A28CFFE91DC07AC800F8B9EB /* Assets.xcassets */; };
		A28CFFED1DC07AC800F8B9EB /* LaunchScreen.storyboard in Resources */ = {isa = PBXBuildFile; fileRef = A28CFFEB1DC07AC800F8B9EB /* LaunchScreen.storyboard */; };
		A2E2744A1DC0934400CE339B /* test.html in Resources */ = {isa = PBXBuildFile; fileRef = A2E274491DC0934400CE339B /* test.html */; };
/* End PBXBuildFile section */

/* Begin PBXFileReference section */
		0F01A81E5CB1EF9DF722899C /* libPods-WebViewJavascriptBridge练习.a */ = {isa = PBXFileReference; explicitFileType = archive.ar; includeInIndex = 0; path = "libPods-WebViewJavascriptBridge练习.a"; sourceTree = BUILT_PRODUCTS_DIR; };
		0F29F6CBB457237BB0D1A898 /* Pods-WebViewJavascriptBridge练习.release.xcconfig */ = {isa = PBXFileReference; includeInIndex = 1; lastKnownFileType = text.xcconfig; name = "Pods-WebViewJavascriptBridge练习.release.xcconfig"; path = "Pods/Target Support Files/Pods-WebViewJavascriptBridge练习/Pods-WebViewJavascriptBridge练习.release.xcconfig"; sourceTree = "<group>"; };
		7C2272682EB7BB9DBFC5FE69 /* Pods-WebViewJavascriptBridge练习.debug.xcconfig */ = {isa = PBXFileReference; includeInIndex = 1; lastKnownFileType = text.xcconfig; name = "Pods-WebViewJavascriptBridge练习.debug.xcconfig"; path = "Pods/Target Support Files/Pods-WebViewJavascriptBridge练习/Pods-WebViewJavascriptBridge练习.debug.xcconfig"; sourceTree = "<group>"; };
		A28CFFDA1DC07AC800F8B9EB /* WebViewJavascriptBridge练习.app */ = {isa = PBXFileReference; explicitFileType = wrapper.application; includeInIndex = 0; path = "WebViewJavascriptBridge练习.app"; sourceTree = BUILT_PRODUCTS_DIR; };
		A28CFFDE1DC07AC800F8B9EB /* main.m */ = {isa = PBXFileReference; lastKnownFileType = sourcecode.c.objc; path = main.m; sourceTree = "<group>"; };
		A28CFFE01DC07AC800F8B9EB /* AppDelegate.h */ = {isa = PBXFileReference; lastKnownFileType = sourcecode.c.h; path = AppDelegate.h; sourceTree = "<group>"; };
		A28CFFE11DC07AC800F8B9EB /* AppDelegate.m */ = {isa = PBXFileReference; lastKnownFileType = sourcecode.c.objc; path = AppDelegate.m; sourceTree = "<group>"; };
		A28CFFE31DC07AC800F8B9EB /* ViewController.h */ = {isa = PBXFileReference; lastKnownFileType = sourcecode.c.h; path = ViewController.h; sourceTree = "<group>"; };
		A28CFFE41DC07AC800F8B9EB /* ViewController.m */ = {isa = PBXFileReference; lastKnownFileType = sourcecode.c.objc; path = ViewController.m; sourceTree = "<group>"; };
		A28CFFE71DC07AC800F8B9EB /* Base */ = {isa = PBXFileReference; lastKnownFileType = file.storyboard; name = Base; path = Base.lproj/Main.storyboard; sourceTree = "<group>"; };
		A28CFFE91DC07AC800F8B9EB /* Assets.xcassets */ = {isa = PBXFileReference; lastKnownFileType = folder.assetcatalog; path = Assets.xcassets; sourceTree = "<group>"; };
		A28CFFEC1DC07AC800F8B9EB /* Base */ = {isa = PBXFileReference; lastKnownFileType = file.storyboard; name = Base; path = Base.lproj/LaunchScreen.storyboard; sourceTree = "<group>"; };
		A28CFFEE1DC07AC800F8B9EB /* Info.plist */ = {isa = PBXFileReference; lastKnownFileType = text.plist.xml; path = Info.plist; sourceTree = "<group>"; };
		A2E274491DC0934400CE339B /* test.html */ = {isa = PBXFileReference; fileEncoding = 4; lastKnownFileType = text.html; path = test.html; sourceTree = "<group>"; };
/* End PBXFileReference section */

/* Begin PBXFrameworksBuildPhase section */
		A28CFFD71DC07AC800F8B9EB /* Frameworks */ = {
			isa = PBXFrameworksBuildPhase;
			buildActionMask = 2147483647;
			files = (
				0159628F51231A97E6301E89 /* libPods-WebViewJavascriptBridge练习.a in Frameworks */,
			);
			runOnlyForDeploymentPostprocessing = 0;
		};
/* End PBXFrameworksBuildPhase section */

/* Begin PBXGroup section */
		2556047C7EE81F5C4EED5528 /* Pods */ = {
			isa = PBXGroup;
			children = (
				7C2272682EB7BB9DBFC5FE69 /* Pods-WebViewJavascriptBridge练习.debug.xcconfig */,
				0F29F6CBB457237BB0D1A898 /* Pods-WebViewJavascriptBridge练习.release.xcconfig */,
			);
			name = Pods;
			sourceTree = "<group>";
		};
		7EE9A1AD37594506D2E1A163 /* Frameworks */ = {
			isa = PBXGroup;
			children = (
				0F01A81E5CB1EF9DF722899C /* libPods-WebViewJavascriptBridge练习.a */,
			);
			name = Frameworks;
			sourceTree = "<group>";
		};
		A28CFFD11DC07AC700F8B9EB = {
			isa = PBXGroup;
			children = (
				A28CFFDC1DC07AC800F8B9EB /* WebViewJavascriptBridge练习 */,
				A28CFFDB1DC07AC800F8B9EB /* Products */,
				2556047C7EE81F5C4EED5528 /* Pods */,
				7EE9A1AD37594506D2E1A163 /* Frameworks */,
			);
			sourceTree = "<group>";
		};
		A28CFFDB1DC07AC800F8B9EB /* Products */ = {
			isa = PBXGroup;
			children = (
				A28CFFDA1DC07AC800F8B9EB /* WebViewJavascriptBridge练习.app */,
			);
			name = Products;
			sourceTree = "<group>";
		};
		A28CFFDC1DC07AC800F8B9EB /* WebViewJavascriptBridge练习 */ = {
			isa = PBXGroup;
			children = (
				A28CFFE01DC07AC800F8B9EB /* AppDelegate.h */,
				A28CFFE11DC07AC800F8B9EB /* AppDelegate.m */,
				A28CFFE31DC07AC800F8B9EB /* ViewController.h */,
				A28CFFE41DC07AC800F8B9EB /* ViewController.m */,
				A2E274491DC0934400CE339B /* test.html */,
				A28CFFE61DC07AC800F8B9EB /* Main.storyboard */,
				A28CFFE91DC07AC800F8B9EB /* Assets.xcassets */,
				A28CFFEB1DC07AC800F8B9EB /* LaunchScreen.storyboard */,
				A28CFFEE1DC07AC800F8B9EB /* Info.plist */,
				A28CFFDD1DC07AC800F8B9EB /* Supporting Files */,
			);
			path = "WebViewJavascriptBridge练习";
			sourceTree = "<group>";
		};
		A28CFFDD1DC07AC800F8B9EB /* Supporting Files */ = {
			isa = PBXGroup;
			children = (
				A28CFFDE1DC07AC800F8B9EB /* main.m */,
			);
			name = "Supporting Files";
			sourceTree = "<group>";
		};
/* End PBXGroup section */

/* Begin PBXNativeTarget section */
		A28CFFD91DC07AC800F8B9EB /* WebViewJavascriptBridge练习 */ = {
			isa = PBXNativeTarget;
			buildConfigurationList = A28CFFF11DC07AC800F8B9EB /* Build configuration list for PBXNativeTarget "WebViewJavascriptBridge练习" */;
			buildPhases = (
				8A3F63C34B57115C780ADE49 /* [CP] Check Pods Manifest.lock */,
				A28CFFD61DC07AC800F8B9EB /* Sources */,
				A28CFFD71DC07AC800F8B9EB /* Frameworks */,
				A28CFFD81DC07AC800F8B9EB /* Resources */,
				D348D42D447697719516E1C1 /* [CP] Embed Pods Frameworks */,
				198A6D525AB30744CE92CD7E /* [CP] Copy Pods Resources */,
			);
			buildRules = (
			);
			dependencies = (
			);
			name = "WebViewJavascriptBridge练习";
			productName = "WebViewJavascriptBridge练习";
			productReference = A28CFFDA1DC07AC800F8B9EB /* WebViewJavascriptBridge练习.app */;
			productType = "com.apple.product-type.application";
		};
/* End PBXNativeTarget section */

/* Begin PBXProject section */
		A28CFFD21DC07AC700F8B9EB /* Project object */ = {
			isa = PBXProject;
			attributes = {
				LastUpgradeCheck = 0800;
				ORGANIZATIONNAME = "张令林";
				TargetAttributes = {
					A28CFFD91DC07AC800F8B9EB = {
						CreatedOnToolsVersion = 8.0;
						ProvisioningStyle = Automatic;
					};
				};
			};
			buildConfigurationList = A28CFFD51DC07AC700F8B9EB /* Build configuration list for PBXProject "WebViewJavascriptBridge练习" */;
			compatibilityVersion = "Xcode 3.2";
			developmentRegion = English;
			hasScannedForEncodings = 0;
			knownRegions = (
				en,
				Base,
			);
			mainGroup = A28CFFD11DC07AC700F8B9EB;
			productRefGroup = A28CFFDB1DC07AC800F8B9EB /* Products */;
			projectDirPath = "";
			projectRoot = "";
			targets = (
				A28CFFD91DC07AC800F8B9EB /* WebViewJavascriptBridge练习 */,
			);
		};
/* End PBXProject section */

/* Begin PBXResourcesBuildPhase section */
		A28CFFD81DC07AC800F8B9EB /* Resources */ = {
			isa = PBXResourcesBuildPhase;
			buildActionMask = 2147483647;
			files = (
				A2E2744A1DC0934400CE339B /* test.html in Resources */,
				A28CFFED1DC07AC800F8B9EB /* LaunchScreen.storyboard in Resources */,
				A28CFFEA1DC07AC800F8B9EB /* Assets.xcassets in Resources */,
				A28CFFE81DC07AC800F8B9EB /* Main.storyboard in Resources */,
			);
			runOnlyForDeploymentPostprocessing = 0;
		};
/* End PBXResourcesBuildPhase section */

/* Begin PBXShellScriptBuildPhase section */
		198A6D525AB30744CE92CD7E /* [CP] Copy Pods Resources */ = {
			isa = PBXShellScriptBuildPhase;
			buildActionMask = 2147483647;
			files = (
			);
			inputPaths = (
			);
			name = "[CP] Copy Pods Resources";
			outputPaths = (
			);
			runOnlyForDeploymentPostprocessing = 0;
			shellPath = /bin/sh;
			shellScript = "\"${SRCROOT}/Pods/Target Support Files/Pods-WebViewJavascriptBridge练习/Pods-WebViewJavascriptBridge练习-resources.sh\"\n";
			showEnvVarsInLog = 0;
		};
		8A3F63C34B57115C780ADE49 /* [CP] Check Pods Manifest.lock */ = {
			isa = PBXShellScriptBuildPhase;
			buildActionMask = 2147483647;
			files = (
			);
			inputPaths = (
			);
			name = "[CP] Check Pods Manifest.lock";
			outputPaths = (
			);
			runOnlyForDeploymentPostprocessing = 0;
			shellPath = /bin/sh;
			shellScript = "diff \"${PODS_ROOT}/../Podfile.lock\" \"${PODS_ROOT}/Manifest.lock\" > /dev/null\nif [[ $? != 0 ]] ; then\n    cat << EOM\nerror: The sandbox is not in sync with the Podfile.lock. Run 'pod install' or update your CocoaPods installation.\nEOM\n    exit 1\nfi\n";
			showEnvVarsInLog = 0;
		};
		D348D42D447697719516E1C1 /* [CP] Embed Pods Frameworks */ = {
			isa = PBXShellScriptBuildPhase;
			buildActionMask = 2147483647;
			files = (
			);
			inputPaths = (
			);
			name = "[CP] Embed Pods Frameworks";
			outputPaths = (
			);
			runOnlyForDeploymentPostprocessing = 0;
			shellPath = /bin/sh;
			shellScript = "\"${SRCROOT}/Pods/Target Support Files/Pods-WebViewJavascriptBridge练习/Pods-WebViewJavascriptBridge练习-frameworks.sh\"\n";
			showEnvVarsInLog = 0;
		};
/* End PBXShellScriptBuildPhase section */

/* Begin PBXSourcesBuildPhase section */
		A28CFFD61DC07AC800F8B9EB /* Sources */ = {
			isa = PBXSourcesBuildPhase;
			buildActionMask = 2147483647;
			files = (
				A28CFFE51DC07AC800F8B9EB /* ViewController.m in Sources */,
				A28CFFE21DC07AC800F8B9EB /* AppDelegate.m in Sources */,
				A28CFFDF1DC07AC800F8B9EB /* main.m in Sources */,
			);
			runOnlyForDeploymentPostprocessing = 0;
		};
/* End PBXSourcesBuildPhase section */

/* Begin PBXVariantGroup section */
		A28CFFE61DC07AC800F8B9EB /* Main.storyboard */ = {
			isa = PBXVariantGroup;
			children = (
				A28CFFE71DC07AC800F8B9EB /* Base */,
			);
			name = Main.storyboard;
			sourceTree = "<group>";
		};
		A28CFFEB1DC07AC800F8B9EB /* LaunchScreen.storyboard */ = {
			isa = PBXVariantGroup;
			children = (
				A28CFFEC1DC07AC800F8B9EB /* Base */,
			);
			name = LaunchScreen.storyboard;
			sourceTree = "<group>";
		};
/* End PBXVariantGroup section */

/* Begin XCBuildConfiguration section */
		A28CFFEF1DC07AC800F8B9EB /* Debug */ = {
			isa = XCBuildConfiguration;
			buildSettings = {
				ALWAYS_SEARCH_USER_PATHS = NO;
				CLANG_ANALYZER_NONNULL = YES;
				CLANG_CXX_LANGUAGE_STANDARD = "gnu++0x";
				CLANG_CXX_LIBRARY = "libc++";
				CLANG_ENABLE_MODULES = YES;
				CLANG_ENABLE_OBJC_ARC = YES;
				CLANG_WARN_BOOL_CONVERSION = YES;
				CLANG_WARN_CONSTANT_CONVERSION = YES;
				CLANG_WARN_DIRECT_OBJC_ISA_USAGE = YES_ERROR;
				CLANG_WARN_DOCUMENTATION_COMMENTS = YES;
				CLANG_WARN_EMPTY_BODY = YES;
				CLANG_WARN_ENUM_CONVERSION = YES;
				CLANG_WARN_INFINITE_RECURSION = YES;
				CLANG_WARN_INT_CONVERSION = YES;
				CLANG_WARN_OBJC_ROOT_CLASS = YES_ERROR;
				CLANG_WARN_SUSPICIOUS_MOVES = YES;
				CLANG_WARN_UNREACHABLE_CODE = YES;
				CLANG_WARN__DUPLICATE_METHOD_MATCH = YES;
				"CODE_SIGN_IDENTITY[sdk=iphoneos*]" = "iPhone Developer";
				COPY_PHASE_STRIP = NO;
				DEBUG_INFORMATION_FORMAT = dwarf;
				ENABLE_STRICT_OBJC_MSGSEND = YES;
				ENABLE_TESTABILITY = YES;
				GCC_C_LANGUAGE_STANDARD = gnu99;
				GCC_DYNAMIC_NO_PIC = NO;
				GCC_NO_COMMON_BLOCKS = YES;
				GCC_OPTIMIZATION_LEVEL = 0;
				GCC_PREPROCESSOR_DEFINITIONS = (
					"DEBUG=1",
					"$(inherited)",
				);
				GCC_WARN_64_TO_32_BIT_CONVERSION = YES;
				GCC_WARN_ABOUT_RETURN_TYPE = YES_ERROR;
				GCC_WARN_UNDECLARED_SELECTOR = YES;
				GCC_WARN_UNINITIALIZED_AUTOS = YES_AGGRESSIVE;
				GCC_WARN_UNUSED_FUNCTION = YES;
				GCC_WARN_UNUSED_VARIABLE = YES;
				IPHONEOS_DEPLOYMENT_TARGET = 10.0;
				MTL_ENABLE_DEBUG_INFO = YES;
				ONLY_ACTIVE_ARCH = YES;
				SDKROOT = iphoneos;
				TARGETED_DEVICE_FAMILY = "1,2";
			};
			name = Debug;
		};
		A28CFFF01DC07AC800F8B9EB /* Release */ = {
			isa = XCBuildConfiguration;
			buildSettings = {
				ALWAYS_SEARCH_USER_PATHS = NO;
				CLANG_ANALYZER_NONNULL = YES;
				CLANG_CXX_LANGUAGE_STANDARD = "gnu++0x";
				CLANG_CXX_LIBRARY = "libc++";
				CLANG_ENABLE_MODULES = YES;
				CLANG_ENABLE_OBJC_ARC = YES;
				CLANG_WARN_BOOL_CONVERSION = YES;
				CLANG_WARN_CONSTANT_CONVERSION = YES;
				CLANG_WARN_DIRECT_OBJC_ISA_USAGE = YES_ERROR;
				CLANG_WARN_DOCUMENTATION_COMMENTS = YES;
				CLANG_WARN_EMPTY_BODY = YES;
				CLANG_WARN_ENUM_CONVERSION = YES;
				CLANG_WARN_INFINITE_RECURSION = YES;
				CLANG_WARN_INT_CONVERSION = YES;
				CLANG_WARN_OBJC_ROOT_CLASS = YES_ERROR;
				CLANG_WARN_SUSPICIOUS_MOVES = YES;
				CLANG_WARN_UNREACHABLE_CODE = YES;
				CLANG_WARN__DUPLICATE_METHOD_MATCH = YES;
				"CODE_SIGN_IDENTITY[sdk=iphoneos*]" = "iPhone Developer";
				COPY_PHASE_STRIP = NO;
				DEBUG_INFORMATION_FORMAT = "dwarf-with-dsym";
				ENABLE_NS_ASSERTIONS = NO;
				ENABLE_STRICT_OBJC_MSGSEND = YES;
				GCC_C_LANGUAGE_STANDARD = gnu99;
				GCC_NO_COMMON_BLOCKS = YES;
				GCC_WARN_64_TO_32_BIT_CONVERSION = YES;
				GCC_WARN_ABOUT_RETURN_TYPE = YES_ERROR;
				GCC_WARN_UNDECLARED_SELECTOR = YES;
				GCC_WARN_UNINITIALIZED_AUTOS = YES_AGGRESSIVE;
				GCC_WARN_UNUSED_FUNCTION = YES;
				GCC_WARN_UNUSED_VARIABLE = YES;
				IPHONEOS_DEPLOYMENT_TARGET = 10.0;
				MTL_ENABLE_DEBUG_INFO = NO;
				SDKROOT = iphoneos;
				TARGETED_DEVICE_FAMILY = "1,2";
				VALIDATE_PRODUCT = YES;
			};
			name = Release;
		};
		A28CFFF21DC07AC800F8B9EB /* Debug */ = {
			isa = XCBuildConfiguration;
			baseConfigurationReference = 7C2272682EB7BB9DBFC5FE69 /* Pods-WebViewJavascriptBridge练习.debug.xcconfig */;
			buildSettings = {
				ASSETCATALOG_COMPILER_APPICON_NAME = AppIcon;
				INFOPLIST_FILE = "WebViewJavascriptBridge练习/Info.plist";
				LD_RUNPATH_SEARCH_PATHS = "$(inherited) @executable_path/Frameworks";
				PRODUCT_BUNDLE_IDENTIFIER = "cn.itheima.WebViewJavascriptBridge--";
				PRODUCT_NAME = "$(TARGET_NAME)";
			};
			name = Debug;
		};
		A28CFFF31DC07AC800F8B9EB /* Release */ = {
			isa = XCBuildConfiguration;
			baseConfigurationReference = 0F29F6CBB457237BB0D1A898 /* Pods-WebViewJavascriptBridge练习.release.xcconfig */;
			buildSettings = {
				ASSETCATALOG_COMPILER_APPICON_NAME = AppIcon;
				INFOPLIST_FILE = "WebViewJavascriptBridge练习/Info.plist";
				LD_RUNPATH_SEARCH_PATHS = "$(inherited) @executable_path/Frameworks";
				PRODUCT_BUNDLE_IDENTIFIER = "cn.itheima.WebViewJavascriptBridge--";
				PRODUCT_NAME = "$(TARGET_NAME)";
			};
			name = Release;
		};
/* End XCBuildConfiguration section */

/* Begin XCConfigurationList section */
		A28CFFD51DC07AC700F8B9EB /* Build configuration list for PBXProject "WebViewJavascriptBridge练习" */ = {
			isa = XCConfigurationList;
			buildConfigurations = (
				A28CFFEF1DC07AC800F8B9EB /* Debug */,
				A28CFFF01DC07AC800F8B9EB /* Release */,
			);
			defaultConfigurationIsVisible = 0;
			defaultConfigurationName = Release;
		};
		A28CFFF11DC07AC800F8B9EB /* Build configuration list for PBXNativeTarget "WebViewJavascriptBridge练习" */ = {
			isa = XCConfigurationList;
			buildConfigurations = (
				A28CFFF21DC07AC800F8B9EB /* Debug */,
				A28CFFF31DC07AC800F8B9EB /* Release */,
			);
			defaultConfigurationIsVisible = 0;
			defaultConfigurationName = Release;
		};
/* End XCConfigurationList section */
	};
	rootObject = A28CFFD21DC07AC700F8B9EB /* Project object */;
}
